<?xml version="1.0" encoding="utf-8"?>
<Project ToolsVersion="4.0" xmlns="http://schemas.microsoft.com/developer/msbuild/2003">
  <ItemGroup>
    <Filter Include="Shader">
      <UniqueIdentifier>{cc775d12-3ee2-4c40-9bbe-8a251e5b4ef7}</UniqueIdentifier>
    </Filter>
    <Filter Include="Resource Files">
      <UniqueIdentifier>{67DA6AB6-F800-4c08-8B7A-83BB121AAD01}</UniqueIdentifier>
      <Extensions>rc;ico;cur;bmp;dlg;rc2;rct;bin;rgs;gif;jpg;jpeg;jpe;resx;tiff;tif;png;wav;mfcribbon-ms</Extensions>
    </Filter>
    <Filter Include="Source Files">
      <UniqueIdentifier>{4FC737F1-C7A5-4376-A066-2A32D752A2FF}</UniqueIdentifier>
      <Extensions>cpp;c;cc;cxx;c++;cppm;ixx;def;odl;idl;hpj;bat;asm;asmx</Extensions>
    </Filter>
    <Filter Include="Header Files">
      <UniqueIdentifier>{93995380-89BD-4b04-88EB-625FBE52EBFB}</UniqueIdentifier>
      <Extensions>h;hh;hpp;hxx;h++;hm;inl;inc;ipp;xsd</Extensions>
    </Filter>
    <Filter Include="Header Files\Core">
      <UniqueIdentifier>{a1b2c3d4-0001-0001-0001-000000000001}</UniqueIdentifier>
    </Filter>
    <Filter Include="Header Files\Renderer">
      <UniqueIdentifier>{a1b2c3d4-0001-0001-0001-000000000002}</UniqueIdentifier>
    </Filter>
    <Filter Include="Header Files\Window">
      <UniqueIdentifier>{a1b2c3d4-0001-0001-0001-000000000003}</UniqueIdentifier>
    </Filter>
    <Filter Include="Header Files\Collision">
      <UniqueIdentifier>{a1b2c3d4-0001-0001-0001-000000000004}</UniqueIdentifier>
    </Filter>
    <Filter Include="Header Files\Collision\NestedLoop">
      <UniqueIdentifier>{a1b2c3d4-0001-0001-0001-000000000005}</UniqueIdentifier>
    </Filter>
    <Filter Include="Header Files\Collision\UniformGrid">
      <UniqueIdentifier>{a1b2c3d4-0001-0001-0001-000000000008}</UniqueIdentifier>
    </Filter>
    <Filter Include="Source Files\Renderer">
      <UniqueIdentifier>{a1b2c3d4-0001-0001-0001-000000000006}</UniqueIdentifier>
    </Filter>
    <Filter Include="Source Files\Window">
      <UniqueIdentifier>{a1b2c3d4-0001-0001-0001-000000000007}</UniqueIdentifier>
    </Filter>
  </ItemGroup>
  <ItemGroup>
    <ClCompile Include="main.cpp">
      <Filter>Source Files</Filter>
    </ClCompile>
    <ClCompile Include="Network\NetworkClient.cpp">
      <Filter>Source Files</Filter>
    </ClCompile>
    <ClCompile Include="Network\NetworkManager.cpp">
      <Filter>Source Files</Filter>
    </ClCompile>
    <ClCompile Include="Network\NetworkServer.cpp">
      <Filter>Source Files</Filter>
    </ClCompile>
    <ClCompile Include="Renderer\Renderer.cpp">
      <Filter>Source Files\Renderer</Filter>
    </ClCompile>
    <ClCompile Include="Renderer\TextRenderer.cpp">
      <Filter>Source Files\Renderer</Filter>
    </ClCompile>
    <ClCompile Include="Window\Window.cpp">
      <Filter>Source Files\Window</Filter>
    </ClCompile>
  </ItemGroup>
  <ItemGroup>
    <FxCompile Include="Renderer\Shader.hlsl">
      <Filter>Shader</Filter>
    </FxCompile>
  </ItemGroup>
  <ItemGroup>
    <ClInclude Include="Core\Common.h">
      <Filter>Header Files\Core</Filter>
    </ClInclude>
    <ClInclude Include="Core\Sphere.h">
      <Filter>Header Files\Core</Filter>
    </ClInclude>
    <ClInclude Include="Core\CPUInfo.h">
      <Filter>Header Files\Core</Filter>
    </ClInclude>
    <ClInclude Include="Renderer\Renderer.h">
      <Filter>Header Files\Renderer</Filter>
    </ClInclude>
    <ClInclude Include="Renderer\TextRenderer.h">
      <Filter>Header Files\Renderer</Filter>
    </ClInclude>
    <ClInclude Include="Renderer\Trackball.h">
      <Filter>Header Files\Renderer</Filter>
    </ClInclude>
    <ClInclude Include="Window\Window.h">
      <Filter>Header Files\Window</Filter>
    </ClInclude>
    <ClInclude Include="Window\BenchmarkWindow.h">
      <Filter>Header Files\Window</Filter>
    </ClInclude>
    <ClInclude Include="Collision\ICollisionSolver.h">
      <Filter>Header Files\Collision</Filter>
    </ClInclude>
    <ClInclude Include="Collision\CollisionTypes.h">
      <Filter>Header Files\Collision</Filter>
    </ClInclude>
    <ClInclude Include="Collision\NarrowPhase.h">
      <Filter>Header Files\Collision</Filter>
    </ClInclude>
    <ClInclude Include="Collision\Resolution.h">
      <Filter>Header Files\Collision</Filter>
    </ClInclude>
    <ClInclude Include="Collision\NestedLoop\NestedLoopSolver.h">
      <Filter>Header Files\Collision\NestedLoop</Filter>
    </ClInclude>
    <ClInclude Include="Collision\NestedLoop\NestedLoopMTSolver.h">
      <Filter>Header Files\Collision\NestedLoop</Filter>
    </ClInclude>
    <ClInclude Include="Collision\UniformGrid\UniformGridSolver.h">
      <Filter>Header Files\Collision\UniformGrid</Filter>
    </ClInclude>
    <ClInclude Include="Collision\Benchmark.h">
      <Filter>Header Files\Collision</Filter>
    </ClInclude>
    <ClInclude Include="Core\AppConfig.h">
      <Filter>Header Files</Filter>
    </ClInclude>
    <ClInclude Include="Core\AppController.h">
      <Filter>Header Files</Filter>
    </ClInclude>
    <ClInclude Include="Core\Timer.h">
      <Filter>Header Files</Filter>
    </ClInclude>
    <ClInclude Include="Core\SimulationWorld.h">
      <Filter>Header Files</Filter>
    </ClInclude>
    <ClInclude Include="Renderer\HUDTracker.h">
      <Filter>Header Files</Filter>
    </ClInclude>
    <ClInclude Include="Renderer\SceneRenderer.h">
      <Filter>Header Files</Filter>
    </ClInclude>
    <ClInclude Include="Collision\BVH\IBVHVisualizer.h">
      <Filter>Header Files</Filter>
    </ClInclude>
    <ClInclude Include="Collision\BVH\BVHNode.h">
      <Filter>Header Files</Filter>
    </ClInclude>
    <ClInclude Include="Collision\BVH\AABB.h">
      <Filter>Header Files</Filter>
    </ClInclude>
    <ClInclude Include="Collision\UniformGrid\IUniformGridVisualizer.h">
      <Filter>Header Files</Filter>
    </ClInclude>
    <ClInclude Include="Collision\UniformGrid\UniformGridMTSolver.h">
      <Filter>Header Files</Filter>
    </ClInclude>
    <ClInclude Include="Network\NetworkProtocol.h">
      <Filter>Header Files</Filter>
    </ClInclude>
    <ClInclude Include="Network\NetworkManager.h">
      <Filter>Header Files</Filter>
    </ClInclude>
    <ClInclude Include="Network\NetworkClient.h">
      <Filter>Header Files</Filter>
    </ClInclude>
    <ClInclude Include="Network\NetworkServer.h">
      <Filter>Header Files</Filter>
    </ClInclude>
    <ClInclude Include="Collision\BVH\BVHSolver.h">
      <Filter>Header Files</Filter>
    </ClInclude>
    <ClInclude Include="Collision\BVH\BVHMTSolver.h">
      <Filter>Header Files</Filter>
    </ClInclude>
  </ItemGroup>
  <ItemGroup>
    <None Include="packages.config" />
  </ItemGroup>
</Project>